
Microsoft Visual Studio Solution File, Format Version 12.00
# Visual Studio Version 16
VisualStudioVersion = 16.0.30523.141
MinimumVisualStudioVersion = 10.0.40219.1
Project("{FAE04EC0-301F-11D3-BF4B-00C04F79EFBC}") = "Hello", "Hello\Hello.csproj", "{A69FDDC0-CB8B-4444-9B05-08FCBD0F4B55}"
EndProject
Project("{FAE04EC0-301F-11D3-BF4B-00C04F79EFBC}") = "StudentDiary", "StudentDiary\StudentDiary.csproj", "{F4A4F6E9-78B0-42C7-8F8D-86CB0D461263}"
EndProject
Project("{FAE04EC0-301F-11D3-BF4B-00C04F79EFBC}") = "Constructors", "Constructors\Constructors.csproj", "{1558201A-2544-45F1-A117-00A299E5AB37}"
EndProject
Project("{FAE04EC0-301F-11D3-BF4B-00C04F79EFBC}") = "Odcinek10", "Odcinek10\Odcinek10.csproj", "{DB2946B6-E71F-4947-A104-68E49E98049C}"
EndProject
Project("{FAE04EC0-301F-11D3-BF4B-00C04F79EFBC}") = "Typy.Tests", "Typy Test\Typy.Tests.csproj", "{172337A1-CEDF-43DF-AF6C-1B53F5FA09BC}"
EndProject
Project("{FAE04EC0-301F-11D3-BF4B-00C04F79EFBC}") = "Typy", "Typy\Typy.csproj", "{A79A302D-C1FC-4458-8EEA-473301FC5853}"
EndProject
Project("{9A19103F-16F7-4668-BE54-9A1E7A4F7556}") = "Members", "Members\Members.csproj", "{58DE8252-5E60-46C4-A310-63006847C933}"
EndProject
Project("{FAE04EC0-301F-11D3-BF4B-00C04F79EFBC}") = "FlowControl", "FlowControl\FlowControl.csproj", "{9FFE784B-0DE8-4C73-84F6-6DB6DBFD7EE3}"
EndProject
Global
	GlobalSection(SolutionConfigurationPlatforms) = preSolution
		Debug|Any CPU = Debug|Any CPU
		Release|Any CPU = Release|Any CPU
	EndGlobalSection
	GlobalSection(ProjectConfigurationPlatforms) = postSolution
		{A69FDDC0-CB8B-4444-9B05-08FCBD0F4B55}.Debug|Any CPU.ActiveCfg = Debug|Any CPU
		{A69FDDC0-CB8B-4444-9B05-08FCBD0F4B55}.Debug|Any CPU.Build.0 = Debug|Any CPU
		{A69FDDC0-CB8B-4444-9B05-08FCBD0F4B55}.Release|Any CPU.ActiveCfg = Release|Any CPU
		{A69FDDC0-CB8B-4444-9B05-08FCBD0F4B55}.Release|Any CPU.Build.0 = Release|Any CPU
		{F4A4F6E9-78B0-42C7-8F8D-86CB0D461263}.Debug|Any CPU.ActiveCfg = Debug|Any CPU
		{F4A4F6E9-78B0-42C7-8F8D-86CB0D461263}.Debug|Any CPU.Build.0 = Debug|Any CPU
		{F4A4F6E9-78B0-42C7-8F8D-86CB0D461263}.Release|Any CPU.ActiveCfg = Release|Any CPU
		{F4A4F6E9-78B0-42C7-8F8D-86CB0D461263}.Release|Any CPU.Build.0 = Release|Any CPU
		{1558201A-2544-45F1-A117-00A299E5AB37}.Debug|Any CPU.ActiveCfg = Debug|Any CPU
		{1558201A-2544-45F1-A117-00A299E5AB37}.Debug|Any CPU.Build.0 = Debug|Any CPU
		{1558201A-2544-45F1-A117-00A299E5AB37}.Release|Any CPU.ActiveCfg = Release|Any CPU
		{1558201A-2544-45F1-A117-00A299E5AB37}.Release|Any CPU.Build.0 = Release|Any CPU
		{DB2946B6-E71F-4947-A104-68E49E98049C}.Debug|Any CPU.ActiveCfg = Debug|Any CPU
		{DB2946B6-E71F-4947-A104-68E49E98049C}.Debug|Any CPU.Build.0 = Debug|Any CPU
		{DB2946B6-E71F-4947-A104-68E49E98049C}.Release|Any CPU.ActiveCfg = Release|Any CPU
		{DB2946B6-E71F-4947-A104-68E49E98049C}.Release|Any CPU.Build.0 = Release|Any CPU
		{172337A1-CEDF-43DF-AF6C-1B53F5FA09BC}.Debug|Any CPU.ActiveCfg = Debug|Any CPU
		{172337A1-CEDF-43DF-AF6C-1B53F5FA09BC}.Debug|Any CPU.Build.0 = Debug|Any CPU
		{172337A1-CEDF-43DF-AF6C-1B53F5FA09BC}.Release|Any CPU.ActiveCfg = Release|Any CPU
		{172337A1-CEDF-43DF-AF6C-1B53F5FA09BC}.Release|Any CPU.Build.0 = Release|Any CPU
		{A79A302D-C1FC-4458-8EEA-473301FC5853}.Debug|Any CPU.ActiveCfg = Debug|Any CPU
		{A79A302D-C1FC-4458-8EEA-473301FC5853}.Debug|Any CPU.Build.0 = Debug|Any CPU
		{A79A302D-C1FC-4458-8EEA-473301FC5853}.Release|Any CPU.ActiveCfg = Release|Any CPU
		{A79A302D-C1FC-4458-8EEA-473301FC5853}.Release|Any CPU.Build.0 = Release|Any CPU
		{58DE8252-5E60-46C4-A310-63006847C933}.Debug|Any CPU.ActiveCfg = Debug|Any CPU
		{58DE8252-5E60-46C4-A310-63006847C933}.Debug|Any CPU.Build.0 = Debug|Any CPU
		{58DE8252-5E60-46C4-A310-63006847C933}.Release|Any CPU.ActiveCfg = Release|Any CPU
		{58DE8252-5E60-46C4-A310-63006847C933}.Release|Any CPU.Build.0 = Release|Any CPU
		{9FFE784B-0DE8-4C73-84F6-6DB6DBFD7EE3}.Debug|Any CPU.ActiveCfg = Debug|Any CPU
		{9FFE784B-0DE8-4C73-84F6-6DB6DBFD7EE3}.Debug|Any CPU.Build.0 = Debug|Any CPU
		{9FFE784B-0DE8-4C73-84F6-6DB6DBFD7EE3}.Release|Any CPU.ActiveCfg = Release|Any CPU
		{9FFE784B-0DE8-4C73-84F6-6DB6DBFD7EE3}.Release|Any CPU.Build.0 = Release|Any CPU
	EndGlobalSection
	GlobalSection(SolutionProperties) = preSolution
		HideSolutionNode = FALSE
	EndGlobalSection
	GlobalSection(ExtensibilityGlobals) = postSolution
		SolutionGuid = {61ACCC91-7713-4C24-BCF9-3AEE8F665D8A}
	EndGlobalSection
EndGlobal
